<Solution>
  <Folder Name="/BuildingBlocks/">
    <Project Path="BuildingBlocks/Common/Common.csproj" />
    <Project Path="BuildingBlocks/Contracts/Contracts.csproj" />
    <Project Path="BuildingBlocks/SharedKernel/SharedKernel.csproj" />
  </Folder>
  <Folder Name="/Frontend/">
    <Project Path="Frontend/HealthMatrix.Web/HealthMatrix.Web.csproj" />
  </Folder>
  <Folder Name="/Gateway/">
    <Project Path="Gateway/ApiGateway/ApiGateway.csproj" />
  </Folder>
  <Folder Name="/Services/">
    <Project Path="Services/AppointmentService/AppointmentService.csproj" />
    <Project Path="Services/AuthService/AuthService.csproj" />
    <Project Path="Services/BillingService/BillingService.csproj" />
    <Project Path="Services/DoctorService/DoctorService.csproj" />
    <Project Path="Services/MedicalRecordService/MedicalRecordService.csproj" />
    <Project Path="Services/NotificationService/NotificationService.csproj" />
    <Project Path="Services/PatientService/PatientService.csproj" />
  </Folder>
</Solution>
